
Microsoft Visual Studio Solution File, Format Version 12.00
# Visual Studio Version 16
VisualStudioVersion = 16.0.31729.503
MinimumVisualStudioVersion = 10.0.40219.1
Project("{FAE04EC0-301F-11D3-BF4B-00C04F79EFBC}") = "LendingSystem", "LendingSystem\LendingSystem.csproj", "{684A9DF1-2196-4397-9AA9-FE992866D723}"
EndProject
Global
	GlobalSection(SolutionConfigurationPlatforms) = preSolution
		Debug|Any CPU = Debug|Any CPU
		Release|Any CPU = Release|Any CPU
	EndGlobalSection
	GlobalSection(ProjectConfigurationPlatforms) = postSolution
		{684A9DF1-2196-4397-9AA9-FE992866D723}.Debug|Any CPU.ActiveCfg = Debug|Any CPU
		{684A9DF1-2196-4397-9AA9-FE992866D723}.Debug|Any CPU.Build.0 = Debug|Any CPU
		{684A9DF1-2196-4397-9AA9-FE992866D723}.Release|Any CPU.ActiveCfg = Release|Any CPU
		{684A9DF1-2196-4397-9AA9-FE992866D723}.Release|Any CPU.Build.0 = Release|Any CPU
	EndGlobalSection
	GlobalSection(SolutionProperties) = preSolution
		HideSolutionNode = FALSE
	EndGlobalSection
	GlobalSection(ExtensibilityGlobals) = postSolution
		SolutionGuid = {8D412D48-A0C6-4A43-B515-74B23012889C}
	EndGlobalSection
EndGlobal
